
Microsoft Visual Studio Solution File, Format Version 12.00
# Visual Studio 15
VisualStudioVersion = 15.0.26730.15
MinimumVisualStudioVersion = 10.0.40219.1
Project("{FAE04EC0-301F-11D3-BF4B-00C04F79EFBC}") = "TriviaTraverse.Android", "TriviaTraverse\TriviaTraverse.Android\TriviaTraverse.Android.csproj", "{D733EAEF-FA8B-4173-B6A2-E472C05684F5}"
EndProject
Project("{9A19103F-16F7-4668-BE54-9A1E7A4F7556}") = "TriviaTraverse", "TriviaTraverse\TriviaTraverse\TriviaTraverse.csproj", "{588AC332-4DA1-4D16-9E23-EB6011224E7F}"
EndProject
Project("{FAE04EC0-301F-11D3-BF4B-00C04F79EFBC}") = "TriviaTraverse.UWP", "TriviaTraverse\TriviaTraverse.UWP\TriviaTraverse.UWP.csproj", "{A8F8A1D0-3D74-45F9-B646-8CE33CEEF47B}"
EndProject
Project("{FAE04EC0-301F-11D3-BF4B-00C04F79EFBC}") = "TriviaTraverse.iOS", "TriviaTraverse\TriviaTraverse.iOS\TriviaTraverse.iOS.csproj", "{7F3D3E5A-9DA3-4CF9-B485-78BA7AD8BC22}"
EndProject
Project("{FAE04EC0-301F-11D3-BF4B-00C04F79EFBC}") = "TriviaTraverseApi", "TriviaTraverseApi\TriviaTraverseApi.csproj", "{11C803D6-DF4F-4FFF-B3AC-EA9620E5ABBF}"
EndProject
Global
	GlobalSection(SolutionConfigurationPlatforms) = preSolution
		Ad-Hoc|Any CPU = Ad-Hoc|Any CPU
		Ad-Hoc|ARM = Ad-Hoc|ARM
		Ad-Hoc|iPhone = Ad-Hoc|iPhone
		Ad-Hoc|iPhoneSimulator = Ad-Hoc|iPhoneSimulator
		Ad-Hoc|x64 = Ad-Hoc|x64
		Ad-Hoc|x86 = Ad-Hoc|x86
		AppStore|Any CPU = AppStore|Any CPU
		AppStore|ARM = AppStore|ARM
		AppStore|iPhone = AppStore|iPhone
		AppStore|iPhoneSimulator = AppStore|iPhoneSimulator
		AppStore|x64 = AppStore|x64
		AppStore|x86 = AppStore|x86
		Debug|Any CPU = Debug|Any CPU
		Debug|ARM = Debug|ARM
		Debug|iPhone = Debug|iPhone
		Debug|iPhoneSimulator = Debug|iPhoneSimulator
		Debug|x64 = Debug|x64
		Debug|x86 = Debug|x86
		DebugLocal|Any CPU = DebugLocal|Any CPU
		DebugLocal|ARM = DebugLocal|ARM
		DebugLocal|iPhone = DebugLocal|iPhone
		DebugLocal|iPhoneSimulator = DebugLocal|iPhoneSimulator
		DebugLocal|x64 = DebugLocal|x64
		DebugLocal|x86 = DebugLocal|x86
		Release|Any CPU = Release|Any CPU
		Release|ARM = Release|ARM
		Release|iPhone = Release|iPhone
		Release|iPhoneSimulator = Release|iPhoneSimulator
		Release|x64 = Release|x64
		Release|x86 = Release|x86
	EndGlobalSection
	GlobalSection(ProjectConfigurationPlatforms) = postSolution
		{D733EAEF-FA8B-4173-B6A2-E472C05684F5}.Ad-Hoc|Any CPU.ActiveCfg = Release|Any CPU
		{D733EAEF-FA8B-4173-B6A2-E472C05684F5}.Ad-Hoc|Any CPU.Build.0 = Release|Any CPU
		{D733EAEF-FA8B-4173-B6A2-E472C05684F5}.Ad-Hoc|Any CPU.Deploy.0 = Release|Any CPU
		{D733EAEF-FA8B-4173-B6A2-E472C05684F5}.Ad-Hoc|ARM.ActiveCfg = Release|Any CPU
		{D733EAEF-FA8B-4173-B6A2-E472C05684F5}.Ad-Hoc|ARM.Build.0 = Release|Any CPU
		{D733EAEF-FA8B-4173-B6A2-E472C05684F5}.Ad-Hoc|ARM.Deploy.0 = Release|Any CPU
		{D733EAEF-FA8B-4173-B6A2-E472C05684F5}.Ad-Hoc|iPhone.ActiveCfg = Release|Any CPU
		{D733EAEF-FA8B-4173-B6A2-E472C05684F5}.Ad-Hoc|iPhone.Build.0 = Release|Any CPU
		{D733EAEF-FA8B-4173-B6A2-E472C05684F5}.Ad-Hoc|iPhone.Deploy.0 = Release|Any CPU
		{D733EAEF-FA8B-4173-B6A2-E472C05684F5}.Ad-Hoc|iPhoneSimulator.ActiveCfg = Release|Any CPU
		{D733EAEF-FA8B-4173-B6A2-E472C05684F5}.Ad-Hoc|iPhoneSimulator.Build.0 = Release|Any CPU
		{D733EAEF-FA8B-4173-B6A2-E472C05684F5}.Ad-Hoc|iPhoneSimulator.Deploy.0 = Release|Any CPU
		{D733EAEF-FA8B-4173-B6A2-E472C05684F5}.Ad-Hoc|x64.ActiveCfg = Release|Any CPU
		{D733EAEF-FA8B-4173-B6A2-E472C05684F5}.Ad-Hoc|x64.Build.0 = Release|Any CPU
		{D733EAEF-FA8B-4173-B6A2-E472C05684F5}.Ad-Hoc|x64.Deploy.0 = Release|Any CPU
		{D733EAEF-FA8B-4173-B6A2-E472C05684F5}.Ad-Hoc|x86.ActiveCfg = Release|Any CPU
		{D733EAEF-FA8B-4173-B6A2-E472C05684F5}.Ad-Hoc|x86.Build.0 = Release|Any CPU
		{D733EAEF-FA8B-4173-B6A2-E472C05684F5}.Ad-Hoc|x86.Deploy.0 = Release|Any CPU
		{D733EAEF-FA8B-4173-B6A2-E472C05684F5}.AppStore|Any CPU.ActiveCfg = Release|Any CPU
		{D733EAEF-FA8B-4173-B6A2-E472C05684F5}.AppStore|Any CPU.Build.0 = Release|Any CPU
		{D733EAEF-FA8B-4173-B6A2-E472C05684F5}.AppStore|Any CPU.Deploy.0 = Release|Any CPU
		{D733EAEF-FA8B-4173-B6A2-E472C05684F5}.AppStore|ARM.ActiveCfg = Release|Any CPU
		{D733EAEF-FA8B-4173-B6A2-E472C05684F5}.AppStore|ARM.Build.0 = Release|Any CPU
		{D733EAEF-FA8B-4173-B6A2-E472C05684F5}.AppStore|ARM.Deploy.0 = Release|Any CPU
		{D733EAEF-FA8B-4173-B6A2-E472C05684F5}.AppStore|iPhone.ActiveCfg = Release|Any CPU
		{D733EAEF-FA8B-4173-B6A2-E472C05684F5}.AppStore|iPhone.Build.0 = Release|Any CPU
		{D733EAEF-FA8B-4173-B6A2-E472C05684F5}.AppStore|iPhone.Deploy.0 = Release|Any CPU
		{D733EAEF-FA8B-4173-B6A2-E472C05684F5}.AppStore|iPhoneSimulator.ActiveCfg = Release|Any CPU
		{D733EAEF-FA8B-4173-B6A2-E472C05684F5}.AppStore|iPhoneSimulator.Build.0 = Release|Any CPU
		{D733EAEF-FA8B-4173-B6A2-E472C05684F5}.AppStore|iPhoneSimulator.Deploy.0 = Release|Any CPU
		{D733EAEF-FA8B-4173-B6A2-E472C05684F5}.AppStore|x64.ActiveCfg = Release|Any CPU
		{D733EAEF-FA8B-4173-B6A2-E472C05684F5}.AppStore|x64.Build.0 = Release|Any CPU
		{D733EAEF-FA8B-4173-B6A2-E472C05684F5}.AppStore|x64.Deploy.0 = Release|Any CPU
		{D733EAEF-FA8B-4173-B6A2-E472C05684F5}.AppStore|x86.ActiveCfg = Release|Any CPU
		{D733EAEF-FA8B-4173-B6A2-E472C05684F5}.AppStore|x86.Build.0 = Release|Any CPU
		{D733EAEF-FA8B-4173-B6A2-E472C05684F5}.AppStore|x86.Deploy.0 = Release|Any CPU
		{D733EAEF-FA8B-4173-B6A2-E472C05684F5}.Debug|Any CPU.ActiveCfg = Debug|Any CPU
		{D733EAEF-FA8B-4173-B6A2-E472C05684F5}.Debug|Any CPU.Build.0 = Debug|Any CPU
		{D733EAEF-FA8B-4173-B6A2-E472C05684F5}.Debug|Any CPU.Deploy.0 = Debug|Any CPU
		{D733EAEF-FA8B-4173-B6A2-E472C05684F5}.Debug|ARM.ActiveCfg = Debug|Any CPU
		{D733EAEF-FA8B-4173-B6A2-E472C05684F5}.Debug|ARM.Build.0 = Debug|Any CPU
		{D733EAEF-FA8B-4173-B6A2-E472C05684F5}.Debug|ARM.Deploy.0 = Debug|Any CPU
		{D733EAEF-FA8B-4173-B6A2-E472C05684F5}.Debug|iPhone.ActiveCfg = Debug|Any CPU
		{D733EAEF-FA8B-4173-B6A2-E472C05684F5}.Debug|iPhone.Build.0 = Debug|Any CPU
		{D733EAEF-FA8B-4173-B6A2-E472C05684F5}.Debug|iPhone.Deploy.0 = Debug|Any CPU
		{D733EAEF-FA8B-4173-B6A2-E472C05684F5}.Debug|iPhoneSimulator.ActiveCfg = Debug|Any CPU
		{D733EAEF-FA8B-4173-B6A2-E472C05684F5}.Debug|iPhoneSimulator.Build.0 = Debug|Any CPU
		{D733EAEF-FA8B-4173-B6A2-E472C05684F5}.Debug|iPhoneSimulator.Deploy.0 = Debug|Any CPU
		{D733EAEF-FA8B-4173-B6A2-E472C05684F5}.Debug|x64.ActiveCfg = Debug|Any CPU
		{D733EAEF-FA8B-4173-B6A2-E472C05684F5}.Debug|x64.Build.0 = Debug|Any CPU
		{D733EAEF-FA8B-4173-B6A2-E472C05684F5}.Debug|x64.Deploy.0 = Debug|Any CPU
		{D733EAEF-FA8B-4173-B6A2-E472C05684F5}.Debug|x86.ActiveCfg = Debug|Any CPU
		{D733EAEF-FA8B-4173-B6A2-E472C05684F5}.Debug|x86.Build.0 = Debug|Any CPU
		{D733EAEF-FA8B-4173-B6A2-E472C05684F5}.Debug|x86.Deploy.0 = Debug|Any CPU
		{D733EAEF-FA8B-4173-B6A2-E472C05684F5}.DebugLocal|Any CPU.ActiveCfg = DebugLocal|Any CPU
		{D733EAEF-FA8B-4173-B6A2-E472C05684F5}.DebugLocal|Any CPU.Build.0 = DebugLocal|Any CPU
		{D733EAEF-FA8B-4173-B6A2-E472C05684F5}.DebugLocal|Any CPU.Deploy.0 = DebugLocal|Any CPU
		{D733EAEF-FA8B-4173-B6A2-E472C05684F5}.DebugLocal|ARM.ActiveCfg = DebugLocal|Any CPU
		{D733EAEF-FA8B-4173-B6A2-E472C05684F5}.DebugLocal|ARM.Build.0 = DebugLocal|Any CPU
		{D733EAEF-FA8B-4173-B6A2-E472C05684F5}.DebugLocal|ARM.Deploy.0 = DebugLocal|Any CPU
		{D733EAEF-FA8B-4173-B6A2-E472C05684F5}.DebugLocal|iPhone.ActiveCfg = DebugLocal|Any CPU
		{D733EAEF-FA8B-4173-B6A2-E472C05684F5}.DebugLocal|iPhone.Build.0 = DebugLocal|Any CPU
		{D733EAEF-FA8B-4173-B6A2-E472C05684F5}.DebugLocal|iPhone.Deploy.0 = DebugLocal|Any CPU
		{D733EAEF-FA8B-4173-B6A2-E472C05684F5}.DebugLocal|iPhoneSimulator.ActiveCfg = DebugLocal|Any CPU
		{D733EAEF-FA8B-4173-B6A2-E472C05684F5}.DebugLocal|iPhoneSimulator.Build.0 = DebugLocal|Any CPU
		{D733EAEF-FA8B-4173-B6A2-E472C05684F5}.DebugLocal|iPhoneSimulator.Deploy.0 = DebugLocal|Any CPU
		{D733EAEF-FA8B-4173-B6A2-E472C05684F5}.DebugLocal|x64.ActiveCfg = DebugLocal|Any CPU
		{D733EAEF-FA8B-4173-B6A2-E472C05684F5}.DebugLocal|x64.Build.0 = DebugLocal|Any CPU
		{D733EAEF-FA8B-4173-B6A2-E472C05684F5}.DebugLocal|x64.Deploy.0 = DebugLocal|Any CPU
		{D733EAEF-FA8B-4173-B6A2-E472C05684F5}.DebugLocal|x86.ActiveCfg = DebugLocal|Any CPU
		{D733EAEF-FA8B-4173-B6A2-E472C05684F5}.DebugLocal|x86.Build.0 = DebugLocal|Any CPU
		{D733EAEF-FA8B-4173-B6A2-E472C05684F5}.DebugLocal|x86.Deploy.0 = DebugLocal|Any CPU
		{D733EAEF-FA8B-4173-B6A2-E472C05684F5}.Release|Any CPU.ActiveCfg = Release|Any CPU
		{D733EAEF-FA8B-4173-B6A2-E472C05684F5}.Release|Any CPU.Build.0 = Release|Any CPU
		{D733EAEF-FA8B-4173-B6A2-E472C05684F5}.Release|Any CPU.Deploy.0 = Release|Any CPU
		{D733EAEF-FA8B-4173-B6A2-E472C05684F5}.Release|ARM.ActiveCfg = Release|Any CPU
		{D733EAEF-FA8B-4173-B6A2-E472C05684F5}.Release|ARM.Build.0 = Release|Any CPU
		{D733EAEF-FA8B-4173-B6A2-E472C05684F5}.Release|ARM.Deploy.0 = Release|Any CPU
		{D733EAEF-FA8B-4173-B6A2-E472C05684F5}.Release|iPhone.ActiveCfg = Release|Any CPU
		{D733EAEF-FA8B-4173-B6A2-E472C05684F5}.Release|iPhone.Build.0 = Release|Any CPU
		{D733EAEF-FA8B-4173-B6A2-E472C05684F5}.Release|iPhone.Deploy.0 = Release|Any CPU
		{D733EAEF-FA8B-4173-B6A2-E472C05684F5}.Release|iPhoneSimulator.ActiveCfg = Release|Any CPU
		{D733EAEF-FA8B-4173-B6A2-E472C05684F5}.Release|iPhoneSimulator.Build.0 = Release|Any CPU
		{D733EAEF-FA8B-4173-B6A2-E472C05684F5}.Release|iPhoneSimulator.Deploy.0 = Release|Any CPU
		{D733EAEF-FA8B-4173-B6A2-E472C05684F5}.Release|x64.ActiveCfg = Release|Any CPU
		{D733EAEF-FA8B-4173-B6A2-E472C05684F5}.Release|x64.Build.0 = Release|Any CPU
		{D733EAEF-FA8B-4173-B6A2-E472C05684F5}.Release|x64.Deploy.0 = Release|Any CPU
		{D733EAEF-FA8B-4173-B6A2-E472C05684F5}.Release|x86.ActiveCfg = Release|Any CPU
		{D733EAEF-FA8B-4173-B6A2-E472C05684F5}.Release|x86.Build.0 = Release|Any CPU
		{D733EAEF-FA8B-4173-B6A2-E472C05684F5}.Release|x86.Deploy.0 = Release|Any CPU
		{588AC332-4DA1-4D16-9E23-EB6011224E7F}.Ad-Hoc|Any CPU.ActiveCfg = Release|Any CPU
		{588AC332-4DA1-4D16-9E23-EB6011224E7F}.Ad-Hoc|Any CPU.Build.0 = Release|Any CPU
		{588AC332-4DA1-4D16-9E23-EB6011224E7F}.Ad-Hoc|ARM.ActiveCfg = Release|Any CPU
		{588AC332-4DA1-4D16-9E23-EB6011224E7F}.Ad-Hoc|ARM.Build.0 = Release|Any CPU
		{588AC332-4DA1-4D16-9E23-EB6011224E7F}.Ad-Hoc|iPhone.ActiveCfg = Release|Any CPU
		{588AC332-4DA1-4D16-9E23-EB6011224E7F}.Ad-Hoc|iPhone.Build.0 = Release|Any CPU
		{588AC332-4DA1-4D16-9E23-EB6011224E7F}.Ad-Hoc|iPhoneSimulator.ActiveCfg = Release|Any CPU
		{588AC332-4DA1-4D16-9E23-EB6011224E7F}.Ad-Hoc|iPhoneSimulator.Build.0 = Release|Any CPU
		{588AC332-4DA1-4D16-9E23-EB6011224E7F}.Ad-Hoc|x64.ActiveCfg = Release|Any CPU
		{588AC332-4DA1-4D16-9E23-EB6011224E7F}.Ad-Hoc|x64.Build.0 = Release|Any CPU
		{588AC332-4DA1-4D16-9E23-EB6011224E7F}.Ad-Hoc|x86.ActiveCfg = Release|Any CPU
		{588AC332-4DA1-4D16-9E23-EB6011224E7F}.Ad-Hoc|x86.Build.0 = Release|Any CPU
		{588AC332-4DA1-4D16-9E23-EB6011224E7F}.AppStore|Any CPU.ActiveCfg = Release|Any CPU
		{588AC332-4DA1-4D16-9E23-EB6011224E7F}.AppStore|Any CPU.Build.0 = Release|Any CPU
		{588AC332-4DA1-4D16-9E23-EB6011224E7F}.AppStore|ARM.ActiveCfg = Release|Any CPU
		{588AC332-4DA1-4D16-9E23-EB6011224E7F}.AppStore|ARM.Build.0 = Release|Any CPU
		{588AC332-4DA1-4D16-9E23-EB6011224E7F}.AppStore|iPhone.ActiveCfg = Release|Any CPU
		{588AC332-4DA1-4D16-9E23-EB6011224E7F}.AppStore|iPhone.Build.0 = Release|Any CPU
		{588AC332-4DA1-4D16-9E23-EB6011224E7F}.AppStore|iPhoneSimulator.ActiveCfg = Release|Any CPU
		{588AC332-4DA1-4D16-9E23-EB6011224E7F}.AppStore|iPhoneSimulator.Build.0 = Release|Any CPU
		{588AC332-4DA1-4D16-9E23-EB6011224E7F}.AppStore|x64.ActiveCfg = Release|Any CPU
		{588AC332-4DA1-4D16-9E23-EB6011224E7F}.AppStore|x64.Build.0 = Release|Any CPU
		{588AC332-4DA1-4D16-9E23-EB6011224E7F}.AppStore|x86.ActiveCfg = Release|Any CPU
		{588AC332-4DA1-4D16-9E23-EB6011224E7F}.AppStore|x86.Build.0 = Release|Any CPU
		{588AC332-4DA1-4D16-9E23-EB6011224E7F}.Debug|Any CPU.ActiveCfg = Debug|Any CPU
		{588AC332-4DA1-4D16-9E23-EB6011224E7F}.Debug|Any CPU.Build.0 = Debug|Any CPU
		{588AC332-4DA1-4D16-9E23-EB6011224E7F}.Debug|ARM.ActiveCfg = Debug|Any CPU
		{588AC332-4DA1-4D16-9E23-EB6011224E7F}.Debug|ARM.Build.0 = Debug|Any CPU
		{588AC332-4DA1-4D16-9E23-EB6011224E7F}.Debug|iPhone.ActiveCfg = Debug|Any CPU
		{588AC332-4DA1-4D16-9E23-EB6011224E7F}.Debug|iPhone.Build.0 = Debug|Any CPU
		{588AC332-4DA1-4D16-9E23-EB6011224E7F}.Debug|iPhoneSimulator.ActiveCfg = Debug|Any CPU
		{588AC332-4DA1-4D16-9E23-EB6011224E7F}.Debug|iPhoneSimulator.Build.0 = Debug|Any CPU
		{588AC332-4DA1-4D16-9E23-EB6011224E7F}.Debug|x64.ActiveCfg = Debug|Any CPU
		{588AC332-4DA1-4D16-9E23-EB6011224E7F}.Debug|x64.Build.0 = Debug|Any CPU
		{588AC332-4DA1-4D16-9E23-EB6011224E7F}.Debug|x86.ActiveCfg = Debug|Any CPU
		{588AC332-4DA1-4D16-9E23-EB6011224E7F}.Debug|x86.Build.0 = Debug|Any CPU
		{588AC332-4DA1-4D16-9E23-EB6011224E7F}.DebugLocal|Any CPU.ActiveCfg = DebugLocal|Any CPU
		{588AC332-4DA1-4D16-9E23-EB6011224E7F}.DebugLocal|Any CPU.Build.0 = DebugLocal|Any CPU
		{588AC332-4DA1-4D16-9E23-EB6011224E7F}.DebugLocal|ARM.ActiveCfg = DebugLocal|Any CPU
		{588AC332-4DA1-4D16-9E23-EB6011224E7F}.DebugLocal|ARM.Build.0 = DebugLocal|Any CPU
		{588AC332-4DA1-4D16-9E23-EB6011224E7F}.DebugLocal|iPhone.ActiveCfg = DebugLocal|Any CPU
		{588AC332-4DA1-4D16-9E23-EB6011224E7F}.DebugLocal|iPhone.Build.0 = DebugLocal|Any CPU
		{588AC332-4DA1-4D16-9E23-EB6011224E7F}.DebugLocal|iPhoneSimulator.ActiveCfg = DebugLocal|Any CPU
		{588AC332-4DA1-4D16-9E23-EB6011224E7F}.DebugLocal|iPhoneSimulator.Build.0 = DebugLocal|Any CPU
		{588AC332-4DA1-4D16-9E23-EB6011224E7F}.DebugLocal|x64.ActiveCfg = DebugLocal|Any CPU
		{588AC332-4DA1-4D16-9E23-EB6011224E7F}.DebugLocal|x64.Build.0 = DebugLocal|Any CPU
		{588AC332-4DA1-4D16-9E23-EB6011224E7F}.DebugLocal|x86.ActiveCfg = DebugLocal|Any CPU
		{588AC332-4DA1-4D16-9E23-EB6011224E7F}.DebugLocal|x86.Build.0 = DebugLocal|Any CPU
		{588AC332-4DA1-4D16-9E23-EB6011224E7F}.Release|Any CPU.ActiveCfg = Release|Any CPU
		{588AC332-4DA1-4D16-9E23-EB6011224E7F}.Release|Any CPU.Build.0 = Release|Any CPU
		{588AC332-4DA1-4D16-9E23-EB6011224E7F}.Release|ARM.ActiveCfg = Release|Any CPU
		{588AC332-4DA1-4D16-9E23-EB6011224E7F}.Release|ARM.Build.0 = Release|Any CPU
		{588AC332-4DA1-4D16-9E23-EB6011224E7F}.Release|iPhone.ActiveCfg = Release|Any CPU
		{588AC332-4DA1-4D16-9E23-EB6011224E7F}.Release|iPhone.Build.0 = Release|Any CPU
		{588AC332-4DA1-4D16-9E23-EB6011224E7F}.Release|iPhoneSimulator.ActiveCfg = Release|Any CPU
		{588AC332-4DA1-4D16-9E23-EB6011224E7F}.Release|iPhoneSimulator.Build.0 = Release|Any CPU
		{588AC332-4DA1-4D16-9E23-EB6011224E7F}.Release|x64.ActiveCfg = Release|Any CPU
		{588AC332-4DA1-4D16-9E23-EB6011224E7F}.Release|x64.Build.0 = Release|Any CPU
		{588AC332-4DA1-4D16-9E23-EB6011224E7F}.Release|x86.ActiveCfg = Release|Any CPU
		{588AC332-4DA1-4D16-9E23-EB6011224E7F}.Release|x86.Build.0 = Release|Any CPU
		{A8F8A1D0-3D74-45F9-B646-8CE33CEEF47B}.Ad-Hoc|Any CPU.ActiveCfg = Release|x86
		{A8F8A1D0-3D74-45F9-B646-8CE33CEEF47B}.Ad-Hoc|Any CPU.Build.0 = Release|x86
		{A8F8A1D0-3D74-45F9-B646-8CE33CEEF47B}.Ad-Hoc|Any CPU.Deploy.0 = Release|x86
		{A8F8A1D0-3D74-45F9-B646-8CE33CEEF47B}.Ad-Hoc|ARM.ActiveCfg = Release|ARM
		{A8F8A1D0-3D74-45F9-B646-8CE33CEEF47B}.Ad-Hoc|ARM.Build.0 = Release|ARM
		{A8F8A1D0-3D74-45F9-B646-8CE33CEEF47B}.Ad-Hoc|ARM.Deploy.0 = Release|ARM
		{A8F8A1D0-3D74-45F9-B646-8CE33CEEF47B}.Ad-Hoc|iPhone.ActiveCfg = Release|x86
		{A8F8A1D0-3D74-45F9-B646-8CE33CEEF47B}.Ad-Hoc|iPhone.Build.0 = Release|x86
		{A8F8A1D0-3D74-45F9-B646-8CE33CEEF47B}.Ad-Hoc|iPhone.Deploy.0 = Release|x86
		{A8F8A1D0-3D74-45F9-B646-8CE33CEEF47B}.Ad-Hoc|iPhoneSimulator.ActiveCfg = Release|x86
		{A8F8A1D0-3D74-45F9-B646-8CE33CEEF47B}.Ad-Hoc|iPhoneSimulator.Build.0 = Release|x86
		{A8F8A1D0-3D74-45F9-B646-8CE33CEEF47B}.Ad-Hoc|iPhoneSimulator.Deploy.0 = Release|x86
		{A8F8A1D0-3D74-45F9-B646-8CE33CEEF47B}.Ad-Hoc|x64.ActiveCfg = Release|x64
		{A8F8A1D0-3D74-45F9-B646-8CE33CEEF47B}.Ad-Hoc|x64.Build.0 = Release|x64
		{A8F8A1D0-3D74-45F9-B646-8CE33CEEF47B}.Ad-Hoc|x64.Deploy.0 = Release|x64
		{A8F8A1D0-3D74-45F9-B646-8CE33CEEF47B}.Ad-Hoc|x86.ActiveCfg = Release|x86
		{A8F8A1D0-3D74-45F9-B646-8CE33CEEF47B}.Ad-Hoc|x86.Build.0 = Release|x86
		{A8F8A1D0-3D74-45F9-B646-8CE33CEEF47B}.Ad-Hoc|x86.Deploy.0 = Release|x86
		{A8F8A1D0-3D74-45F9-B646-8CE33CEEF47B}.AppStore|Any CPU.ActiveCfg = Release|x86
		{A8F8A1D0-3D74-45F9-B646-8CE33CEEF47B}.AppStore|Any CPU.Build.0 = Release|x86
		{A8F8A1D0-3D74-45F9-B646-8CE33CEEF47B}.AppStore|Any CPU.Deploy.0 = Release|x86
		{A8F8A1D0-3D74-45F9-B646-8CE33CEEF47B}.AppStore|ARM.ActiveCfg = Release|ARM
		{A8F8A1D0-3D74-45F9-B646-8CE33CEEF47B}.AppStore|ARM.Build.0 = Release|ARM
		{A8F8A1D0-3D74-45F9-B646-8CE33CEEF47B}.AppStore|ARM.Deploy.0 = Release|ARM
		{A8F8A1D0-3D74-45F9-B646-8CE33CEEF47B}.AppStore|iPhone.ActiveCfg = Release|x86
		{A8F8A1D0-3D74-45F9-B646-8CE33CEEF47B}.AppStore|iPhone.Build.0 = Release|x86
		{A8F8A1D0-3D74-45F9-B646-8CE33CEEF47B}.AppStore|iPhone.Deploy.0 = Release|x86
		{A8F8A1D0-3D74-45F9-B646-8CE33CEEF47B}.AppStore|iPhoneSimulator.ActiveCfg = Release|x86
		{A8F8A1D0-3D74-45F9-B646-8CE33CEEF47B}.AppStore|iPhoneSimulator.Build.0 = Release|x86
		{A8F8A1D0-3D74-45F9-B646-8CE33CEEF47B}.AppStore|iPhoneSimulator.Deploy.0 = Release|x86
		{A8F8A1D0-3D74-45F9-B646-8CE33CEEF47B}.AppStore|x64.ActiveCfg = Release|x64
		{A8F8A1D0-3D74-45F9-B646-8CE33CEEF47B}.AppStore|x64.Build.0 = Release|x64
		{A8F8A1D0-3D74-45F9-B646-8CE33CEEF47B}.AppStore|x64.Deploy.0 = Release|x64
		{A8F8A1D0-3D74-45F9-B646-8CE33CEEF47B}.AppStore|x86.ActiveCfg = Release|x86
		{A8F8A1D0-3D74-45F9-B646-8CE33CEEF47B}.AppStore|x86.Build.0 = Release|x86
		{A8F8A1D0-3D74-45F9-B646-8CE33CEEF47B}.AppStore|x86.Deploy.0 = Release|x86
		{A8F8A1D0-3D74-45F9-B646-8CE33CEEF47B}.Debug|Any CPU.ActiveCfg = Debug|x86
		{A8F8A1D0-3D74-45F9-B646-8CE33CEEF47B}.Debug|ARM.ActiveCfg = Debug|ARM
		{A8F8A1D0-3D74-45F9-B646-8CE33CEEF47B}.Debug|ARM.Build.0 = Debug|ARM
		{A8F8A1D0-3D74-45F9-B646-8CE33CEEF47B}.Debug|ARM.Deploy.0 = Debug|ARM
		{A8F8A1D0-3D74-45F9-B646-8CE33CEEF47B}.Debug|iPhone.ActiveCfg = Debug|x86
		{A8F8A1D0-3D74-45F9-B646-8CE33CEEF47B}.Debug|iPhoneSimulator.ActiveCfg = Debug|x86
		{A8F8A1D0-3D74-45F9-B646-8CE33CEEF47B}.Debug|x64.ActiveCfg = Debug|x64
		{A8F8A1D0-3D74-45F9-B646-8CE33CEEF47B}.Debug|x64.Build.0 = Debug|x64
		{A8F8A1D0-3D74-45F9-B646-8CE33CEEF47B}.Debug|x64.Deploy.0 = Debug|x64
		{A8F8A1D0-3D74-45F9-B646-8CE33CEEF47B}.Debug|x86.ActiveCfg = Debug|x86
		{A8F8A1D0-3D74-45F9-B646-8CE33CEEF47B}.Debug|x86.Build.0 = Debug|x86
		{A8F8A1D0-3D74-45F9-B646-8CE33CEEF47B}.Debug|x86.Deploy.0 = Debug|x86
		{A8F8A1D0-3D74-45F9-B646-8CE33CEEF47B}.DebugLocal|Any CPU.ActiveCfg = DebugLocal|x86
		{A8F8A1D0-3D74-45F9-B646-8CE33CEEF47B}.DebugLocal|ARM.ActiveCfg = DebugLocal|ARM
		{A8F8A1D0-3D74-45F9-B646-8CE33CEEF47B}.DebugLocal|ARM.Deploy.0 = DebugLocal|ARM
		{A8F8A1D0-3D74-45F9-B646-8CE33CEEF47B}.DebugLocal|iPhone.ActiveCfg = DebugLocal|x86
		{A8F8A1D0-3D74-45F9-B646-8CE33CEEF47B}.DebugLocal|iPhoneSimulator.ActiveCfg = DebugLocal|x86
		{A8F8A1D0-3D74-45F9-B646-8CE33CEEF47B}.DebugLocal|x64.ActiveCfg = DebugLocal|x64
		{A8F8A1D0-3D74-45F9-B646-8CE33CEEF47B}.DebugLocal|x64.Deploy.0 = DebugLocal|x64
		{A8F8A1D0-3D74-45F9-B646-8CE33CEEF47B}.DebugLocal|x86.ActiveCfg = DebugLocal|x86
		{A8F8A1D0-3D74-45F9-B646-8CE33CEEF47B}.DebugLocal|x86.Deploy.0 = DebugLocal|x86
		{A8F8A1D0-3D74-45F9-B646-8CE33CEEF47B}.Release|Any CPU.ActiveCfg = Release|x86
		{A8F8A1D0-3D74-45F9-B646-8CE33CEEF47B}.Release|ARM.ActiveCfg = Release|ARM
		{A8F8A1D0-3D74-45F9-B646-8CE33CEEF47B}.Release|ARM.Build.0 = Release|ARM
		{A8F8A1D0-3D74-45F9-B646-8CE33CEEF47B}.Release|ARM.Deploy.0 = Release|ARM
		{A8F8A1D0-3D74-45F9-B646-8CE33CEEF47B}.Release|iPhone.ActiveCfg = Release|x86
		{A8F8A1D0-3D74-45F9-B646-8CE33CEEF47B}.Release|iPhoneSimulator.ActiveCfg = Release|x86
		{A8F8A1D0-3D74-45F9-B646-8CE33CEEF47B}.Release|x64.ActiveCfg = Release|x64
		{A8F8A1D0-3D74-45F9-B646-8CE33CEEF47B}.Release|x64.Build.0 = Release|x64
		{A8F8A1D0-3D74-45F9-B646-8CE33CEEF47B}.Release|x64.Deploy.0 = Release|x64
		{A8F8A1D0-3D74-45F9-B646-8CE33CEEF47B}.Release|x86.ActiveCfg = Release|x86
		{A8F8A1D0-3D74-45F9-B646-8CE33CEEF47B}.Release|x86.Build.0 = Release|x86
		{A8F8A1D0-3D74-45F9-B646-8CE33CEEF47B}.Release|x86.Deploy.0 = Release|x86
		{7F3D3E5A-9DA3-4CF9-B485-78BA7AD8BC22}.Ad-Hoc|Any CPU.ActiveCfg = Ad-Hoc|iPhone
		{7F3D3E5A-9DA3-4CF9-B485-78BA7AD8BC22}.Ad-Hoc|ARM.ActiveCfg = Ad-Hoc|iPhone
		{7F3D3E5A-9DA3-4CF9-B485-78BA7AD8BC22}.Ad-Hoc|iPhone.ActiveCfg = Ad-Hoc|iPhone
		{7F3D3E5A-9DA3-4CF9-B485-78BA7AD8BC22}.Ad-Hoc|iPhone.Build.0 = Ad-Hoc|iPhone
		{7F3D3E5A-9DA3-4CF9-B485-78BA7AD8BC22}.Ad-Hoc|iPhoneSimulator.ActiveCfg = Ad-Hoc|iPhoneSimulator
		{7F3D3E5A-9DA3-4CF9-B485-78BA7AD8BC22}.Ad-Hoc|iPhoneSimulator.Build.0 = Ad-Hoc|iPhoneSimulator
		{7F3D3E5A-9DA3-4CF9-B485-78BA7AD8BC22}.Ad-Hoc|x64.ActiveCfg = Ad-Hoc|iPhone
		{7F3D3E5A-9DA3-4CF9-B485-78BA7AD8BC22}.Ad-Hoc|x86.ActiveCfg = Ad-Hoc|iPhone
		{7F3D3E5A-9DA3-4CF9-B485-78BA7AD8BC22}.AppStore|Any CPU.ActiveCfg = AppStore|iPhone
		{7F3D3E5A-9DA3-4CF9-B485-78BA7AD8BC22}.AppStore|ARM.ActiveCfg = AppStore|iPhone
		{7F3D3E5A-9DA3-4CF9-B485-78BA7AD8BC22}.AppStore|iPhone.ActiveCfg = AppStore|iPhone
		{7F3D3E5A-9DA3-4CF9-B485-78BA7AD8BC22}.AppStore|iPhone.Build.0 = AppStore|iPhone
		{7F3D3E5A-9DA3-4CF9-B485-78BA7AD8BC22}.AppStore|iPhoneSimulator.ActiveCfg = AppStore|iPhoneSimulator
		{7F3D3E5A-9DA3-4CF9-B485-78BA7AD8BC22}.AppStore|iPhoneSimulator.Build.0 = AppStore|iPhoneSimulator
		{7F3D3E5A-9DA3-4CF9-B485-78BA7AD8BC22}.AppStore|x64.ActiveCfg = AppStore|iPhone
		{7F3D3E5A-9DA3-4CF9-B485-78BA7AD8BC22}.AppStore|x86.ActiveCfg = AppStore|iPhone
		{7F3D3E5A-9DA3-4CF9-B485-78BA7AD8BC22}.Debug|Any CPU.ActiveCfg = Debug|iPhone
		{7F3D3E5A-9DA3-4CF9-B485-78BA7AD8BC22}.Debug|ARM.ActiveCfg = Debug|iPhone
		{7F3D3E5A-9DA3-4CF9-B485-78BA7AD8BC22}.Debug|iPhone.ActiveCfg = Debug|iPhone
		{7F3D3E5A-9DA3-4CF9-B485-78BA7AD8BC22}.Debug|iPhone.Build.0 = Debug|iPhone
		{7F3D3E5A-9DA3-4CF9-B485-78BA7AD8BC22}.Debug|iPhoneSimulator.ActiveCfg = Debug|iPhoneSimulator
		{7F3D3E5A-9DA3-4CF9-B485-78BA7AD8BC22}.Debug|iPhoneSimulator.Build.0 = Debug|iPhoneSimulator
		{7F3D3E5A-9DA3-4CF9-B485-78BA7AD8BC22}.Debug|x64.ActiveCfg = Debug|iPhone
		{7F3D3E5A-9DA3-4CF9-B485-78BA7AD8BC22}.Debug|x86.ActiveCfg = Debug|iPhone
		{7F3D3E5A-9DA3-4CF9-B485-78BA7AD8BC22}.DebugLocal|Any CPU.ActiveCfg = DebugLocal|iPhone
		{7F3D3E5A-9DA3-4CF9-B485-78BA7AD8BC22}.DebugLocal|ARM.ActiveCfg = DebugLocal|iPhone
		{7F3D3E5A-9DA3-4CF9-B485-78BA7AD8BC22}.DebugLocal|iPhone.ActiveCfg = DebugLocal|iPhone
		{7F3D3E5A-9DA3-4CF9-B485-78BA7AD8BC22}.DebugLocal|iPhoneSimulator.ActiveCfg = DebugLocal|iPhoneSimulator
		{7F3D3E5A-9DA3-4CF9-B485-78BA7AD8BC22}.DebugLocal|x64.ActiveCfg = DebugLocal|iPhone
		{7F3D3E5A-9DA3-4CF9-B485-78BA7AD8BC22}.DebugLocal|x86.ActiveCfg = DebugLocal|iPhone
		{7F3D3E5A-9DA3-4CF9-B485-78BA7AD8BC22}.Release|Any CPU.ActiveCfg = Release|iPhone
		{7F3D3E5A-9DA3-4CF9-B485-78BA7AD8BC22}.Release|ARM.ActiveCfg = Release|iPhone
		{7F3D3E5A-9DA3-4CF9-B485-78BA7AD8BC22}.Release|iPhone.ActiveCfg = Release|iPhone
		{7F3D3E5A-9DA3-4CF9-B485-78BA7AD8BC22}.Release|iPhone.Build.0 = Release|iPhone
		{7F3D3E5A-9DA3-4CF9-B485-78BA7AD8BC22}.Release|iPhoneSimulator.ActiveCfg = Release|iPhoneSimulator
		{7F3D3E5A-9DA3-4CF9-B485-78BA7AD8BC22}.Release|iPhoneSimulator.Build.0 = Release|iPhoneSimulator
		{7F3D3E5A-9DA3-4CF9-B485-78BA7AD8BC22}.Release|x64.ActiveCfg = Release|iPhone
		{7F3D3E5A-9DA3-4CF9-B485-78BA7AD8BC22}.Release|x86.ActiveCfg = Release|iPhone
		{11C803D6-DF4F-4FFF-B3AC-EA9620E5ABBF}.Ad-Hoc|Any CPU.ActiveCfg = Release|Any CPU
		{11C803D6-DF4F-4FFF-B3AC-EA9620E5ABBF}.Ad-Hoc|Any CPU.Build.0 = Release|Any CPU
		{11C803D6-DF4F-4FFF-B3AC-EA9620E5ABBF}.Ad-Hoc|ARM.ActiveCfg = Release|Any CPU
		{11C803D6-DF4F-4FFF-B3AC-EA9620E5ABBF}.Ad-Hoc|ARM.Build.0 = Release|Any CPU
		{11C803D6-DF4F-4FFF-B3AC-EA9620E5ABBF}.Ad-Hoc|iPhone.ActiveCfg = Release|Any CPU
		{11C803D6-DF4F-4FFF-B3AC-EA9620E5ABBF}.Ad-Hoc|iPhone.Build.0 = Release|Any CPU
		{11C803D6-DF4F-4FFF-B3AC-EA9620E5ABBF}.Ad-Hoc|iPhoneSimulator.ActiveCfg = Release|Any CPU
		{11C803D6-DF4F-4FFF-B3AC-EA9620E5ABBF}.Ad-Hoc|iPhoneSimulator.Build.0 = Release|Any CPU
		{11C803D6-DF4F-4FFF-B3AC-EA9620E5ABBF}.Ad-Hoc|x64.ActiveCfg = Release|Any CPU
		{11C803D6-DF4F-4FFF-B3AC-EA9620E5ABBF}.Ad-Hoc|x64.Build.0 = Release|Any CPU
		{11C803D6-DF4F-4FFF-B3AC-EA9620E5ABBF}.Ad-Hoc|x86.ActiveCfg = Release|Any CPU
		{11C803D6-DF4F-4FFF-B3AC-EA9620E5ABBF}.Ad-Hoc|x86.Build.0 = Release|Any CPU
		{11C803D6-DF4F-4FFF-B3AC-EA9620E5ABBF}.AppStore|Any CPU.ActiveCfg = Release|Any CPU
		{11C803D6-DF4F-4FFF-B3AC-EA9620E5ABBF}.AppStore|Any CPU.Build.0 = Release|Any CPU
		{11C803D6-DF4F-4FFF-B3AC-EA9620E5ABBF}.AppStore|ARM.ActiveCfg = Release|Any CPU
		{11C803D6-DF4F-4FFF-B3AC-EA9620E5ABBF}.AppStore|ARM.Build.0 = Release|Any CPU
		{11C803D6-DF4F-4FFF-B3AC-EA9620E5ABBF}.AppStore|iPhone.ActiveCfg = Release|Any CPU
		{11C803D6-DF4F-4FFF-B3AC-EA9620E5ABBF}.AppStore|iPhone.Build.0 = Release|Any CPU
		{11C803D6-DF4F-4FFF-B3AC-EA9620E5ABBF}.AppStore|iPhoneSimulator.ActiveCfg = Release|Any CPU
		{11C803D6-DF4F-4FFF-B3AC-EA9620E5ABBF}.AppStore|iPhoneSimulator.Build.0 = Release|Any CPU
		{11C803D6-DF4F-4FFF-B3AC-EA9620E5ABBF}.AppStore|x64.ActiveCfg = Release|Any CPU
		{11C803D6-DF4F-4FFF-B3AC-EA9620E5ABBF}.AppStore|x64.Build.0 = Release|Any CPU
		{11C803D6-DF4F-4FFF-B3AC-EA9620E5ABBF}.AppStore|x86.ActiveCfg = Release|Any CPU
		{11C803D6-DF4F-4FFF-B3AC-EA9620E5ABBF}.AppStore|x86.Build.0 = Release|Any CPU
		{11C803D6-DF4F-4FFF-B3AC-EA9620E5ABBF}.Debug|Any CPU.ActiveCfg = Debug|Any CPU
		{11C803D6-DF4F-4FFF-B3AC-EA9620E5ABBF}.Debug|Any CPU.Build.0 = Debug|Any CPU
		{11C803D6-DF4F-4FFF-B3AC-EA9620E5ABBF}.Debug|ARM.ActiveCfg = Debug|Any CPU
		{11C803D6-DF4F-4FFF-B3AC-EA9620E5ABBF}.Debug|ARM.Build.0 = Debug|Any CPU
		{11C803D6-DF4F-4FFF-B3AC-EA9620E5ABBF}.Debug|iPhone.ActiveCfg = Debug|Any CPU
		{11C803D6-DF4F-4FFF-B3AC-EA9620E5ABBF}.Debug|iPhone.Build.0 = Debug|Any CPU
		{11C803D6-DF4F-4FFF-B3AC-EA9620E5ABBF}.Debug|iPhoneSimulator.ActiveCfg = Debug|Any CPU
		{11C803D6-DF4F-4FFF-B3AC-EA9620E5ABBF}.Debug|iPhoneSimulator.Build.0 = Debug|Any CPU
		{11C803D6-DF4F-4FFF-B3AC-EA9620E5ABBF}.Debug|x64.ActiveCfg = Debug|Any CPU
		{11C803D6-DF4F-4FFF-B3AC-EA9620E5ABBF}.Debug|x64.Build.0 = Debug|Any CPU
		{11C803D6-DF4F-4FFF-B3AC-EA9620E5ABBF}.Debug|x86.ActiveCfg = Debug|Any CPU
		{11C803D6-DF4F-4FFF-B3AC-EA9620E5ABBF}.Debug|x86.Build.0 = Debug|Any CPU
		{11C803D6-DF4F-4FFF-B3AC-EA9620E5ABBF}.DebugLocal|Any CPU.ActiveCfg = DebugLocal|Any CPU
		{11C803D6-DF4F-4FFF-B3AC-EA9620E5ABBF}.DebugLocal|Any CPU.Build.0 = DebugLocal|Any CPU
		{11C803D6-DF4F-4FFF-B3AC-EA9620E5ABBF}.DebugLocal|ARM.ActiveCfg = DebugLocal|Any CPU
		{11C803D6-DF4F-4FFF-B3AC-EA9620E5ABBF}.DebugLocal|ARM.Build.0 = DebugLocal|Any CPU
		{11C803D6-DF4F-4FFF-B3AC-EA9620E5ABBF}.DebugLocal|iPhone.ActiveCfg = DebugLocal|Any CPU
		{11C803D6-DF4F-4FFF-B3AC-EA9620E5ABBF}.DebugLocal|iPhone.Build.0 = DebugLocal|Any CPU
		{11C803D6-DF4F-4FFF-B3AC-EA9620E5ABBF}.DebugLocal|iPhoneSimulator.ActiveCfg = DebugLocal|Any CPU
		{11C803D6-DF4F-4FFF-B3AC-EA9620E5ABBF}.DebugLocal|iPhoneSimulator.Build.0 = DebugLocal|Any CPU
		{11C803D6-DF4F-4FFF-B3AC-EA9620E5ABBF}.DebugLocal|x64.ActiveCfg = DebugLocal|Any CPU
		{11C803D6-DF4F-4FFF-B3AC-EA9620E5ABBF}.DebugLocal|x64.Build.0 = DebugLocal|Any CPU
		{11C803D6-DF4F-4FFF-B3AC-EA9620E5ABBF}.DebugLocal|x86.ActiveCfg = DebugLocal|Any CPU
		{11C803D6-DF4F-4FFF-B3AC-EA9620E5ABBF}.DebugLocal|x86.Build.0 = DebugLocal|Any CPU
		{11C803D6-DF4F-4FFF-B3AC-EA9620E5ABBF}.Release|Any CPU.ActiveCfg = Release|Any CPU
		{11C803D6-DF4F-4FFF-B3AC-EA9620E5ABBF}.Release|Any CPU.Build.0 = Release|Any CPU
		{11C803D6-DF4F-4FFF-B3AC-EA9620E5ABBF}.Release|ARM.ActiveCfg = Release|Any CPU
		{11C803D6-DF4F-4FFF-B3AC-EA9620E5ABBF}.Release|ARM.Build.0 = Release|Any CPU
		{11C803D6-DF4F-4FFF-B3AC-EA9620E5ABBF}.Release|iPhone.ActiveCfg = Release|Any CPU
		{11C803D6-DF4F-4FFF-B3AC-EA9620E5ABBF}.Release|iPhone.Build.0 = Release|Any CPU
		{11C803D6-DF4F-4FFF-B3AC-EA9620E5ABBF}.Release|iPhoneSimulator.ActiveCfg = Release|Any CPU
		{11C803D6-DF4F-4FFF-B3AC-EA9620E5ABBF}.Release|iPhoneSimulator.Build.0 = Release|Any CPU
		{11C803D6-DF4F-4FFF-B3AC-EA9620E5ABBF}.Release|x64.ActiveCfg = Release|Any CPU
		{11C803D6-DF4F-4FFF-B3AC-EA9620E5ABBF}.Release|x64.Build.0 = Release|Any CPU
		{11C803D6-DF4F-4FFF-B3AC-EA9620E5ABBF}.Release|x86.ActiveCfg = Release|Any CPU
		{11C803D6-DF4F-4FFF-B3AC-EA9620E5ABBF}.Release|x86.Build.0 = Release|Any CPU
	EndGlobalSection
	GlobalSection(SolutionProperties) = preSolution
		HideSolutionNode = FALSE
	EndGlobalSection
	GlobalSection(ExtensibilityGlobals) = postSolution
		SolutionGuid = {8352FC0E-BAE1-40C9-B3FE-CA95CDB3448B}
	EndGlobalSection
EndGlobal
